{
  "name": "usagex",
  "version": "1.0.0",
  "lockfileVersion": 2,
  "requires": true,
  "packages": {
    "": {
      "name": "usagex",
      "version": "1.0.0",
      "license": "ISC",
      "dependencies": {
        "@promptbook/core": "^0.24.0-0"
      }
    },
    "node_modules/@promptbook/core": {
      "version": "0.24.0-0",
      "resolved": "https://registry.npmjs.org/@promptbook/core/-/core-0.24.0-0.tgz",
      "integrity": "sha512-gKCaiUe7v4HSyGAxJtVlEKQXm2f/50qTRZaX39B/+DqsMm3x90PiwyD+5OldyEGLcnMwOidplK/CXPinfUGX9g==",
      "dependencies": {
        "n12": "1.8.18",
        "spacetrim": "0.9.21"
      }
    },
    "node_modules/n12": {
      "version": "1.8.18",
      "resolved": "https://registry.npmjs.org/n12/-/n12-1.8.18.tgz",
      "integrity": "sha512-WA5aRaaqZapIaOIZPiRJDsQytGd37u/xFBztZfBDFCTqwWyN/VWAZReQECJT8gWMd+d1xJVo7LYYayYkyANs4g=="
    },
    "node_modules/spacetrim": {
      "version": "0.9.21",
      "resolved": "https://registry.npmjs.org/spacetrim/-/spacetrim-0.9.21.tgz",
      "integrity": "sha512-CwRaAXsVuQB9D1+Rl5ANGFrj/ECwmDMDQBOXGlzYIoTcTEifw29yiVOsPhXFLbFbHEf2+P16qNaRPFvLtpTrkA=="
    }
  },
  "dependencies": {
    "@promptbook/core": {
      "version": "0.24.0-0",
      "resolved": "https://registry.npmjs.org/@promptbook/core/-/core-0.24.0-0.tgz",
      "integrity": "sha512-gKCaiUe7v4HSyGAxJtVlEKQXm2f/50qTRZaX39B/+DqsMm3x90PiwyD+5OldyEGLcnMwOidplK/CXPinfUGX9g==",
      "requires": {
        "n12": "1.8.18",
        "spacetrim": "0.9.21"
      }
    },
    "n12": {
      "version": "1.8.18",
      "resolved": "https://registry.npmjs.org/n12/-/n12-1.8.18.tgz",
      "integrity": "sha512-WA5aRaaqZapIaOIZPiRJDsQytGd37u/xFBztZfBDFCTqwWyN/VWAZReQECJT8gWMd+d1xJVo7LYYayYkyANs4g=="
    },
    "spacetrim": {
      "version": "0.9.21",
      "resolved": "https://registry.npmjs.org/spacetrim/-/spacetrim-0.9.21.tgz",
      "integrity": "sha512-CwRaAXsVuQB9D1+Rl5ANGFrj/ECwmDMDQBOXGlzYIoTcTEifw29yiVOsPhXFLbFbHEf2+P16qNaRPFvLtpTrkA=="
    }
  }
}
