{
    "name": "vercel",
    "version": "1.0.0",
    "lockfileVersion": 3,
    "requires": true,
    "packages": {
        "": {
            "name": "vercel",
            "version": "1.0.0",
            "license": "ISC",
            "dependencies": {
                "@ai-sdk/google": "^1.0.5",
                "@ai-sdk/openai": "1.0.7",
                "@promptbook/core": "0.77.0-0",
                "@promptbook/types": "0.77.0-0",
                "@promptbook/vercel": "0.77.0-0",
                "colors": "1.4.0",
                "dotenv": "16.4.7"
            }
        },
        "node_modules/@ai-sdk/google": {
            "version": "1.0.5",
            "resolved": "https://registry.npmjs.org/@ai-sdk/google/-/google-1.0.5.tgz",
            "integrity": "sha512-uq4wNVKIDNGXE18Wozp3grAOtAK2qHNy5wiBPLX34Zp4XHN11MmevrRj/R4+GXvnWy7czIVS3K04swXTB+m/4Q==",
            "license": "Apache-2.0",
            "dependencies": {
                "@ai-sdk/provider": "1.0.1",
                "@ai-sdk/provider-utils": "2.0.3"
            },
            "engines": {
                "node": ">=18"
            },
            "peerDependencies": {
                "zod": "^3.0.0"
            }
        },
        "node_modules/@ai-sdk/openai": {
            "version": "1.0.7",
            "resolved": "https://registry.npmjs.org/@ai-sdk/openai/-/openai-1.0.7.tgz",
            "integrity": "sha512-eXWERuUrMyH3k1GpmYHzTj7Xzxx5/0dENAkbxnj7t2Sn2Mgfb5Td/8QYfGSxuuPd8BrfGTyknArff6yqPkuvPA==",
            "license": "Apache-2.0",
            "dependencies": {
                "@ai-sdk/provider": "1.0.1",
                "@ai-sdk/provider-utils": "2.0.3"
            },
            "engines": {
                "node": ">=18"
            },
            "peerDependencies": {
                "zod": "^3.0.0"
            }
        },
        "node_modules/@ai-sdk/provider": {
            "version": "1.0.1",
            "license": "Apache-2.0",
            "dependencies": {
                "json-schema": "^0.4.0"
            },
            "engines": {
                "node": ">=18"
            }
        },
        "node_modules/@ai-sdk/provider-utils": {
            "version": "2.0.3",
            "license": "Apache-2.0",
            "dependencies": {
                "@ai-sdk/provider": "1.0.1",
                "eventsource-parser": "^3.0.0",
                "nanoid": "^3.3.7",
                "secure-json-parse": "^2.7.0"
            },
            "engines": {
                "node": ">=18"
            },
            "peerDependencies": {
                "zod": "^3.0.0"
            },
            "peerDependenciesMeta": {
                "zod": {
                    "optional": true
                }
            }
        },
        "node_modules/@promptbook/core": {
            "version": "0.77.0-0",
            "resolved": "https://registry.npmjs.org/@promptbook/core/-/core-0.77.0-0.tgz",
            "integrity": "sha512-nuNgwrNwZSKAttlko1iaCfeow218m+Ynlvm5B8Pu73S94vo/7CxX/TvWkhcQZhrIahUsp/LKgWHuJJwufjStKw==",
            "funding": [
                {
                    "type": "individual",
                    "url": "https://buymeacoffee.com/hejny"
                },
                {
                    "type": "github",
                    "url": "https://github.com/webgptorg/promptbook/blob/main/README.md#%EF%B8%8F-contributing"
                }
            ],
            "license": "CC-BY-4.0",
            "dependencies": {
                "crypto-js": "4.2.0",
                "moment": "2.30.1",
                "papaparse": "5.4.1",
                "prettier": "2.8.1",
                "spacetrim": "0.11.59",
                "waitasecond": "1.11.83"
            }
        },
        "node_modules/@promptbook/types": {
            "version": "0.77.0-0",
            "resolved": "https://registry.npmjs.org/@promptbook/types/-/types-0.77.0-0.tgz",
            "integrity": "sha512-nZ69G4w2UIJod/TxzoaFb+PEqoJackftUdfSocGm0VxJcJwM47EMZ0MqxlsTYxL/dDjHrdx6ZpkdJ62mtjsa6g==",
            "funding": [
                {
                    "type": "individual",
                    "url": "https://buymeacoffee.com/hejny"
                },
                {
                    "type": "github",
                    "url": "https://github.com/webgptorg/promptbook/blob/main/README.md#%EF%B8%8F-contributing"
                }
            ],
            "license": "CC-BY-4.0",
            "peerDependencies": {
                "@promptbook/core": "0.77.0-0"
            }
        },
        "node_modules/@promptbook/vercel": {
            "version": "0.77.0-0",
            "funding": [
                {
                    "type": "individual",
                    "url": "https://buymeacoffee.com/hejny"
                },
                {
                    "type": "github",
                    "url": "https://github.com/webgptorg/promptbook/blob/main/README.md#%EF%B8%8F-contributing"
                }
            ],
            "license": "CC-BY-4.0",
            "dependencies": {
                "colors": "1.4.0",
                "spacetrim": "0.11.59"
            },
            "peerDependencies": {
                "@promptbook/core": "0.77.0-0"
            }
        },
        "node_modules/colors": {
            "version": "1.4.0",
            "resolved": "https://registry.npmjs.org/colors/-/colors-1.4.0.tgz",
            "integrity": "sha512-a+UqTh4kgZg/SlGvfbzDHpgRu7AAQOmmqRHJnxhRZICKFUT91brVhNNt58CMWU9PsBbv3PDCZUHbVxuDiH2mtA==",
            "license": "MIT",
            "engines": {
                "node": ">=0.1.90"
            }
        },
        "node_modules/crypto-js": {
            "version": "4.2.0",
            "license": "MIT"
        },
        "node_modules/dotenv": {
            "version": "16.4.7",
            "resolved": "https://registry.npmjs.org/dotenv/-/dotenv-16.4.7.tgz",
            "integrity": "sha512-47qPchRCykZC03FhkYAhrvwU4xDBFIj1QPqaarj6mdM/hgUzfPHcpkHJOn3mJAufFeeAxAzeGsr5X0M4k6fLZQ==",
            "license": "BSD-2-Clause",
            "engines": {
                "node": ">=12"
            },
            "funding": {
                "url": "https://dotenvx.com"
            }
        },
        "node_modules/eventsource-parser": {
            "version": "3.0.0",
            "license": "MIT",
            "engines": {
                "node": ">=18.0.0"
            }
        },
        "node_modules/json-schema": {
            "version": "0.4.0",
            "license": "(AFL-2.1 OR BSD-3-Clause)"
        },
        "node_modules/moment": {
            "version": "2.30.1",
            "license": "MIT",
            "engines": {
                "node": "*"
            }
        },
        "node_modules/nanoid": {
            "version": "3.3.8",
            "funding": [
                {
                    "type": "github",
                    "url": "https://github.com/sponsors/ai"
                }
            ],
            "license": "MIT",
            "bin": {
                "nanoid": "bin/nanoid.cjs"
            },
            "engines": {
                "node": "^10 || ^12 || ^13.7 || ^14 || >=15.0.1"
            }
        },
        "node_modules/papaparse": {
            "version": "5.4.1",
            "license": "MIT"
        },
        "node_modules/prettier": {
            "version": "2.8.1",
            "license": "MIT",
            "bin": {
                "prettier": "bin-prettier.js"
            },
            "engines": {
                "node": ">=10.13.0"
            },
            "funding": {
                "url": "https://github.com/prettier/prettier?sponsor=1"
            }
        },
        "node_modules/secure-json-parse": {
            "version": "2.7.0",
            "license": "BSD-3-Clause"
        },
        "node_modules/spacetrim": {
            "version": "0.11.59",
            "funding": [
                {
                    "type": "individual",
                    "url": "https://buymeacoffee.com/hejny"
                },
                {
                    "type": "github",
                    "url": "https://github.com/hejny/spacetrim/blob/main/README.md#%EF%B8%8F-contributing"
                }
            ],
            "license": "Apache-2.0"
        },
        "node_modules/ts-essentials": {
            "version": "8.1.0",
            "license": "MIT",
            "peerDependencies": {
                "typescript": ">=4.0.0"
            }
        },
        "node_modules/typescript": {
            "version": "5.7.2",
            "license": "Apache-2.0",
            "peer": true,
            "bin": {
                "tsc": "bin/tsc",
                "tsserver": "bin/tsserver"
            },
            "engines": {
                "node": ">=14.17"
            }
        },
        "node_modules/waitasecond": {
            "version": "1.11.83",
            "funding": [
                {
                    "type": "individual",
                    "url": "https://buymeacoffee.com/hejny"
                },
                {
                    "type": "github",
                    "url": "https://github.com/hejny/waitasecond/blob/main/README.md#%EF%B8%8F-contributing"
                }
            ],
            "license": "SEE LICENSE IN LICENSE",
            "dependencies": {
                "ts-essentials": "8.1.0"
            }
        },
        "node_modules/zod": {
            "version": "3.23.8",
            "license": "MIT",
            "peer": true,
            "funding": {
                "url": "https://github.com/sponsors/colinhacks"
            }
        }
    }
}
